{
  "name": "amarasteapp-xxv-prototipo-final-1",
  "version": "0.0.0",
  "lockfileVersion": 2,
  "requires": true,
  "packages": {
    "": {
      "name": "amarasteapp-xxv-prototipo-final-1",
      "version": "0.0.0",
      "private": true,
      "devDependencies": {
        "@types/node": "^22.14.0",
        "typescript": "~5.8.2",
        "vite": "^7.1.1",
        "@vitejs/plugin-react": "^5.0.0",
        "tailwindcss": "^3.4.10",
        "postcss": "^8.5.6",
        "autoprefixer": "^10.4.21"
      },
      "dependencies": {
        "react": "^19.1.1",
        "react-dom": "^19.1.1",
        "react-pdf": "^8.0.0",
        "@google/genai": "^1.13.0"
      }
    }
  },
  "dependencies": {
    "react": {
      "version": "19.1.1",
      "resolved": "",
      "integrity": ""
    },
    "react-dom": {
      "version": "19.1.1",
      "resolved": "",
      "integrity": ""
    },
    "react-pdf": {
      "version": "8.0.0",
      "resolved": "",
      "integrity": ""
    },
    "@google/genai": {
      "version": "1.13.0",
      "resolved": "",
      "integrity": ""
    },
    "vite": {
      "version": "7.1.1",
      "resolved": "",
      "integrity": ""
    },
    "@vitejs/plugin-react": {
      "version": "5.0.0",
      "resolved": "",
      "integrity": ""
    },
    "typescript": {
      "version": "5.8.2",
      "resolved": "",
      "integrity": ""
    },
    "tailwindcss": {
      "version": "3.4.10",
      "resolved": "",
      "integrity": ""
    },
    "postcss": {
      "version": "8.5.6",
      "resolved": "",
      "integrity": ""
    },
    "autoprefixer": {
      "version": "10.4.21",
      "resolved": "",
      "integrity": ""
    },
    "@types/node": {
      "version": "22.14.0",
      "resolved": "",
      "integrity": ""
    }
  }
}
